
Microsoft Visual Studio Solution File, Format Version 12.00
# Visual Studio 15
VisualStudioVersion = 15.0.26403.7
MinimumVisualStudioVersion = 10.0.40219.1
Project("{FAE04EC0-301F-11D3-BF4B-00C04F79EFBC}") = "sudo", "sudo\sudo.csproj", "{3526236A-8942-40E3-A8EB-A2365C16EC67}"
EndProject
Project("{FAE04EC0-301F-11D3-BF4B-00C04F79EFBC}") = "sudoRun", "sudoRun\sudoRun.csproj", "{92D2E2ED-E794-425D-B365-A05C72CA776B}"
EndProject
Global
	GlobalSection(SolutionConfigurationPlatforms) = preSolution
		Debug|Any CPU = Debug|Any CPU
		Release|Any CPU = Release|Any CPU
	EndGlobalSection
	GlobalSection(ProjectConfigurationPlatforms) = postSolution
		{3526236A-8942-40E3-A8EB-A2365C16EC67}.Debug|Any CPU.ActiveCfg = Debug|Any CPU
		{3526236A-8942-40E3-A8EB-A2365C16EC67}.Debug|Any CPU.Build.0 = Debug|Any CPU
		{3526236A-8942-40E3-A8EB-A2365C16EC67}.Release|Any CPU.ActiveCfg = Release|Any CPU
		{3526236A-8942-40E3-A8EB-A2365C16EC67}.Release|Any CPU.Build.0 = Release|Any CPU
		{92D2E2ED-E794-425D-B365-A05C72CA776B}.Debug|Any CPU.ActiveCfg = Debug|Any CPU
		{92D2E2ED-E794-425D-B365-A05C72CA776B}.Debug|Any CPU.Build.0 = Debug|Any CPU
		{92D2E2ED-E794-425D-B365-A05C72CA776B}.Release|Any CPU.ActiveCfg = Release|Any CPU
		{92D2E2ED-E794-425D-B365-A05C72CA776B}.Release|Any CPU.Build.0 = Release|Any CPU
	EndGlobalSection
	GlobalSection(SolutionProperties) = preSolution
		HideSolutionNode = FALSE
	EndGlobalSection
EndGlobal
